
Microsoft Visual Studio Solution File, Format Version 12.00
# Visual Studio 15
VisualStudioVersion = 15.0.27004.2010
MinimumVisualStudioVersion = 10.0.40219.1
Project("{8BC9CEB8-8B4A-11D0-8D11-00A0C91BC942}") = "OpenGLTest", "OpenGLTest\OpenGLTest.vcxproj", "{C9368CA6-65C1-472F-91A8-22BA561FA4F5}"
EndProject
Project("{8BC9CEB8-8B4A-11D0-8D11-00A0C91BC942}") = "OGLTest", "OGLTest\OGLTest.vcxproj", "{EF6FB1E7-7DC3-44CF-A72D-AC50480CE56B}"
EndProject
Project("{8BC9CEB8-8B4A-11D0-8D11-00A0C91BC942}") = "GLWithBloom", "GLWithBloom\GLWithBloom.vcxproj", "{582E2099-0A76-4F67-8412-F8B910308DCA}"
EndProject
Global
	GlobalSection(SolutionConfigurationPlatforms) = preSolution
		Debug|x64 = Debug|x64
		Debug|x86 = Debug|x86
		Release|x64 = Release|x64
		Release|x86 = Release|x86
	EndGlobalSection
	GlobalSection(ProjectConfigurationPlatforms) = postSolution
		{C9368CA6-65C1-472F-91A8-22BA561FA4F5}.Debug|x64.ActiveCfg = Debug|x64
		{C9368CA6-65C1-472F-91A8-22BA561FA4F5}.Debug|x64.Build.0 = Debug|x64
		{C9368CA6-65C1-472F-91A8-22BA561FA4F5}.Debug|x86.ActiveCfg = Debug|Win32
		{C9368CA6-65C1-472F-91A8-22BA561FA4F5}.Debug|x86.Build.0 = Debug|Win32
		{C9368CA6-65C1-472F-91A8-22BA561FA4F5}.Release|x64.ActiveCfg = Release|x64
		{C9368CA6-65C1-472F-91A8-22BA561FA4F5}.Release|x64.Build.0 = Release|x64
		{C9368CA6-65C1-472F-91A8-22BA561FA4F5}.Release|x86.ActiveCfg = Release|Win32
		{C9368CA6-65C1-472F-91A8-22BA561FA4F5}.Release|x86.Build.0 = Release|Win32
		{EF6FB1E7-7DC3-44CF-A72D-AC50480CE56B}.Debug|x64.ActiveCfg = Debug|x64
		{EF6FB1E7-7DC3-44CF-A72D-AC50480CE56B}.Debug|x64.Build.0 = Debug|x64
		{EF6FB1E7-7DC3-44CF-A72D-AC50480CE56B}.Debug|x86.ActiveCfg = Debug|x64
		{EF6FB1E7-7DC3-44CF-A72D-AC50480CE56B}.Release|x64.ActiveCfg = Release|x64
		{EF6FB1E7-7DC3-44CF-A72D-AC50480CE56B}.Release|x64.Build.0 = Release|x64
		{EF6FB1E7-7DC3-44CF-A72D-AC50480CE56B}.Release|x86.ActiveCfg = Release|x64
		{582E2099-0A76-4F67-8412-F8B910308DCA}.Debug|x64.ActiveCfg = Debug|x64
		{582E2099-0A76-4F67-8412-F8B910308DCA}.Debug|x64.Build.0 = Debug|x64
		{582E2099-0A76-4F67-8412-F8B910308DCA}.Debug|x86.ActiveCfg = Debug|Win32
		{582E2099-0A76-4F67-8412-F8B910308DCA}.Debug|x86.Build.0 = Debug|Win32
		{582E2099-0A76-4F67-8412-F8B910308DCA}.Release|x64.ActiveCfg = Release|x64
		{582E2099-0A76-4F67-8412-F8B910308DCA}.Release|x64.Build.0 = Release|x64
		{582E2099-0A76-4F67-8412-F8B910308DCA}.Release|x86.ActiveCfg = Release|Win32
		{582E2099-0A76-4F67-8412-F8B910308DCA}.Release|x86.Build.0 = Release|Win32
	EndGlobalSection
	GlobalSection(SolutionProperties) = preSolution
		HideSolutionNode = FALSE
	EndGlobalSection
	GlobalSection(ExtensibilityGlobals) = postSolution
		SolutionGuid = {C1DB4C9A-76BB-44C5-8C7C-0A0438E213F1}
	EndGlobalSection
EndGlobal
